
Microsoft Visual Studio Solution File, Format Version 12.00
# Visual Studio Version 16
VisualStudioVersion = 16.0.35130.168
MinimumVisualStudioVersion = 10.0.40219.1
Project("{F184B08F-C81C-45F6-A57F-5ABD9991F28F}") = "CRACKED_2024", "CRACKED_2024.vbproj", "{18EB88BC-2CB0-49D8-B384-83F9982C8DF5}"
EndProject
Global
	GlobalSection(SolutionConfigurationPlatforms) = preSolution
		Debug|Any CPU = Debug|Any CPU
		Release|Any CPU = Release|Any CPU
	EndGlobalSection
	GlobalSection(ProjectConfigurationPlatforms) = postSolution
		{18EB88BC-2CB0-49D8-B384-83F9982C8DF5}.Debug|Any CPU.ActiveCfg = Debug|Any CPU
		{18EB88BC-2CB0-49D8-B384-83F9982C8DF5}.Debug|Any CPU.Build.0 = Debug|Any CPU
		{18EB88BC-2CB0-49D8-B384-83F9982C8DF5}.Release|Any CPU.ActiveCfg = Release|Any CPU
		{18EB88BC-2CB0-49D8-B384-83F9982C8DF5}.Release|Any CPU.Build.0 = Release|Any CPU
	EndGlobalSection
	GlobalSection(SolutionProperties) = preSolution
		HideSolutionNode = FALSE
	EndGlobalSection
	GlobalSection(ExtensibilityGlobals) = postSolution
		SolutionGuid = {08E5BF42-A5A5-4D70-BC65-A5D94D8557BE}
	EndGlobalSection
EndGlobal
